
Microsoft Visual Studio Solution File, Format Version 12.00
# Visual Studio Version 16
VisualStudioVersion = 16.0.31729.503
MinimumVisualStudioVersion = 10.0.40219.1
Project("{FAE04EC0-301F-11D3-BF4B-00C04F79EFBC}") = "PlayWrightUse", "PlayWrightUse\PlayWrightUse.csproj", "{0099B78E-838B-4A6E-B86B-1A4F6997EC2A}"
EndProject
Global
	GlobalSection(SolutionConfigurationPlatforms) = preSolution
		Debug|Any CPU = Debug|Any CPU
		Release|Any CPU = Release|Any CPU
	EndGlobalSection
	GlobalSection(ProjectConfigurationPlatforms) = postSolution
		{0099B78E-838B-4A6E-B86B-1A4F6997EC2A}.Debug|Any CPU.ActiveCfg = Debug|Any CPU
		{0099B78E-838B-4A6E-B86B-1A4F6997EC2A}.Debug|Any CPU.Build.0 = Debug|Any CPU
		{0099B78E-838B-4A6E-B86B-1A4F6997EC2A}.Release|Any CPU.ActiveCfg = Release|Any CPU
		{0099B78E-838B-4A6E-B86B-1A4F6997EC2A}.Release|Any CPU.Build.0 = Release|Any CPU
	EndGlobalSection
	GlobalSection(SolutionProperties) = preSolution
		HideSolutionNode = FALSE
	EndGlobalSection
	GlobalSection(ExtensibilityGlobals) = postSolution
		SolutionGuid = {6CD373BC-B3AB-41E6-A5EA-68259317510B}
	EndGlobalSection
EndGlobal
